{
  "version": 4,
  "terraform_version": "1.14.3",
  "serial": 5,
  "lineage": "1a59273a-d28c-d0ca-5fa5-e7ce0f656742",
  "outputs": {
    "ec2_public_ip": {
      "value": "3.141.168.11",
      "type": "string"
    },
    "iam_user": {
      "value": "prod-demo-user",
      "type": "string"
    },
    "iam_user_arn": {
      "value": "arn:aws:iam::970501056226:user/prod-demo-user",
      "type": "string"
    },
    "s3_bucket_name": {
      "value": "prod-demo-10062026",
      "type": "string"
    }
  },
  "resources": [
    {
      "module": "module.demo_stack",
      "mode": "managed",
      "type": "aws_iam_user",
      "name": "demo_user",
      "provider": "provider[\"registry.terraform.io/hashicorp/aws\"]",
      "instances": [
        {
          "schema_version": 0,
          "attributes": {
            "arn": "arn:aws:iam::970501056226:user/prod-demo-user",
            "force_destroy": false,
            "id": "prod-demo-user",
            "name": "prod-demo-user",
            "path": "/",
            "permissions_boundary": "",
            "tags": {
              "purpose": "demo prod user"
            },
            "tags_all": {
              "purpose": "demo prod user"
            },
            "unique_id": "AIDA6D5S643RO34AEMBOK"
          },
          "sensitive_attributes": [],
          "identity_schema_version": 0,
          "identity": {
            "account_id": "970501056226",
            "name": "prod-demo-user"
          },
          "private": "bnVsbA=="
        }
      ]
    },
    {
      "module": "module.demo_stack",
      "mode": "managed",
      "type": "aws_instance",
      "name": "demo_ec2",
      "provider": "provider[\"registry.terraform.io/hashicorp/aws\"]",
      "instances": [
        {
          "schema_version": 2,
          "attributes": {
            "ami": "ami-0c6ac5f2fed2981b0",
            "arn": "arn:aws:ec2:us-east-2:970501056226:instance/i-074a6a0c127d2c5d7",
            "associate_public_ip_address": true,
            "availability_zone": "us-east-2c",
            "capacity_reservation_specification": [
              {
                "capacity_reservation_preference": "open",
                "capacity_reservation_target": []
              }
            ],
            "cpu_options": [
              {
                "amd_sev_snp": "",
                "core_count": 1,
                "nested_virtualization": "",
                "threads_per_core": 2
              }
            ],
            "credit_specification": [
              {
                "cpu_credits": "unlimited"
              }
            ],
            "disable_api_stop": false,
            "disable_api_termination": false,
            "ebs_block_device": [],
            "ebs_optimized": false,
            "enable_primary_ipv6": null,
            "enclave_options": [
              {
                "enabled": false
              }
            ],
            "ephemeral_block_device": [],
            "force_destroy": false,
            "get_password_data": false,
            "hibernation": false,
            "host_id": "",
            "host_resource_group_arn": null,
            "iam_instance_profile": "",
            "id": "i-074a6a0c127d2c5d7",
            "instance_initiated_shutdown_behavior": "stop",
            "instance_lifecycle": "",
            "instance_market_options": [],
            "instance_state": "running",
            "instance_type": "t3.micro",
            "ipv6_address_count": 0,
            "ipv6_addresses": [],
            "key_name": "",
            "launch_template": [],
            "maintenance_options": [
              {
                "auto_recovery": "default"
              }
            ],
            "metadata_options": [
              {
                "http_endpoint": "enabled",
                "http_protocol_ipv6": "disabled",
                "http_put_response_hop_limit": 2,
                "http_tokens": "required",
                "instance_metadata_tags": "disabled"
              }
            ],
            "monitoring": true,
            "network_interface": [],
            "outpost_arn": "",
            "password_data": "",
            "placement_group": "",
            "placement_group_id": "",
            "placement_partition_number": 0,
            "primary_network_interface": [
              {
                "delete_on_termination": true,
                "network_interface_id": "eni-08a9f7964825907d4"
              }
            ],
            "primary_network_interface_id": "eni-08a9f7964825907d4",
            "private_dns": "ip-172-31-47-199.us-east-2.compute.internal",
            "private_dns_name_options": [
              {
                "enable_resource_name_dns_a_record": false,
                "enable_resource_name_dns_aaaa_record": false,
                "hostname_type": "ip-name"
              }
            ],
            "private_ip": "172.31.47.199",
            "public_dns": "ec2-3-141-168-11.us-east-2.compute.amazonaws.com",
            "public_ip": "3.141.168.11",
            "region": "us-east-2",
            "root_block_device": [
              {
                "delete_on_termination": true,
                "device_name": "/dev/xvda",
                "encrypted": false,
                "iops": 3000,
                "kms_key_id": "",
                "tags": {},
                "tags_all": {},
                "throughput": 125,
                "volume_id": "vol-08b76cae4cd89f308",
                "volume_size": 8,
                "volume_type": "gp3"
              }
            ],
            "secondary_network_interface": [],
            "secondary_private_ips": [],
            "security_groups": [
              "default"
            ],
            "source_dest_check": true,
            "spot_instance_request_id": "",
            "subnet_id": "subnet-06ee7e6501a260156",
            "tags": {
              "Environment": "prod",
              "Name": "tf-prod-demo"
            },
            "tags_all": {
              "Environment": "prod",
              "Name": "tf-prod-demo"
            },
            "tenancy": "default",
            "timeouts": null,
            "user_data": null,
            "user_data_base64": null,
            "user_data_replace_on_change": false,
            "volume_tags": null,
            "vpc_security_group_ids": [
              "sg-03072263a36813432"
            ]
          },
          "sensitive_attributes": [],
          "identity_schema_version": 0,
          "identity": {
            "account_id": "970501056226",
            "id": "i-074a6a0c127d2c5d7",
            "region": "us-east-2"
          },
          "private": "eyJlMmJmYjczMC1lY2FhLTExZTYtOGY4OC0zNDM2M2JjN2M0YzAiOnsiY3JlYXRlIjo2MDAwMDAwMDAwMDAsImRlbGV0ZSI6MTIwMDAwMDAwMDAwMCwicmVhZCI6OTAwMDAwMDAwMDAwLCJ1cGRhdGUiOjYwMDAwMDAwMDAwMH0sInNjaGVtYV92ZXJzaW9uIjoiMiJ9"
        }
      ]
    },
    {
      "module": "module.demo_stack",
      "mode": "managed",
      "type": "aws_s3_bucket",
      "name": "terraform_bucket_s3",
      "provider": "provider[\"registry.terraform.io/hashicorp/aws\"]",
      "instances": [
        {
          "schema_version": 0,
          "attributes": {
            "acceleration_status": "",
            "acl": null,
            "arn": "arn:aws:s3:::prod-demo-10062026",
            "bucket": "prod-demo-10062026",
            "bucket_domain_name": "prod-demo-10062026.s3.amazonaws.com",
            "bucket_namespace": "global",
            "bucket_prefix": "",
            "bucket_region": "us-east-2",
            "bucket_regional_domain_name": "prod-demo-10062026.s3.us-east-2.amazonaws.com",
            "cors_rule": [],
            "force_destroy": false,
            "grant": [
              {
                "id": "90a3dc7926a2c41cfcdeb0b5904bad0044d79206205993e3a20a8463939955c0",
                "permissions": [
                  "FULL_CONTROL"
                ],
                "type": "CanonicalUser",
                "uri": ""
              }
            ],
            "hosted_zone_id": "Z2O1EMRO9K5GLX",
            "id": "prod-demo-10062026",
            "lifecycle_rule": [],
            "logging": [],
            "object_lock_configuration": [],
            "object_lock_enabled": false,
            "policy": "",
            "region": "us-east-2",
            "replication_configuration": [],
            "request_payer": "BucketOwner",
            "server_side_encryption_configuration": [
              {
                "rule": [
                  {
                    "apply_server_side_encryption_by_default": [
                      {
                        "kms_master_key_id": "",
                        "sse_algorithm": "AES256"
                      }
                    ],
                    "bucket_key_enabled": false
                  }
                ]
              }
            ],
            "tags": {
              "Environment": "prod",
              "Name": "prod-demo-buc",
              "bucket_purpose": "prod demo purpose"
            },
            "tags_all": {
              "Environment": "prod",
              "Name": "prod-demo-buc",
              "bucket_purpose": "prod demo purpose"
            },
            "timeouts": null,
            "versioning": [
              {
                "enabled": false,
                "mfa_delete": false
              }
            ],
            "website": [],
            "website_domain": null,
            "website_endpoint": null
          },
          "sensitive_attributes": [],
          "identity_schema_version": 0,
          "identity": {
            "account_id": "970501056226",
            "bucket": "prod-demo-10062026",
            "region": "us-east-2"
          },
          "private": "eyJlMmJmYjczMC1lY2FhLTExZTYtOGY4OC0zNDM2M2JjN2M0YzAiOnsiY3JlYXRlIjoxMjAwMDAwMDAwMDAwLCJkZWxldGUiOjM2MDAwMDAwMDAwMDAsInJlYWQiOjEyMDAwMDAwMDAwMDAsInVwZGF0ZSI6MTIwMDAwMDAwMDAwMH19"
        }
      ]
    },
    {
      "module": "module.demo_stack",
      "mode": "managed",
      "type": "aws_s3_bucket_versioning",
      "name": "s3_versioning_demo",
      "provider": "provider[\"registry.terraform.io/hashicorp/aws\"]",
      "instances": [
        {
          "index_key": 0,
          "schema_version": 0,
          "attributes": {
            "bucket": "prod-demo-10062026",
            "expected_bucket_owner": "",
            "id": "prod-demo-10062026",
            "mfa": null,
            "region": "us-east-2",
            "versioning_configuration": [
              {
                "mfa_delete": "Disabled",
                "status": "Enabled"
              }
            ]
          },
          "sensitive_attributes": [],
          "identity_schema_version": 1,
          "identity": {
            "account_id": "970501056226",
            "bucket": "prod-demo-10062026",
            "region": "us-east-2"
          },
          "private": "bnVsbA==",
          "dependencies": [
            "module.demo_stack.aws_s3_bucket.terraform_bucket_s3"
          ]
        }
      ]
    }
  ],
  "check_results": null
}
